// !$*UTF8*$!
{
	archiveVersion = 1;
	classes = {
	};
	objectVersion = 56;
	objects = {

/* Begin PBXBuildFile section */
		D90F04942B0CD92C00B346BB /* AppDelegate.swift in Sources */ = {isa = PBXBuildFile; fileRef = D90F04932B0CD92C00B346BB /* AppDelegate.swift */; };
		D90F04962B0CD92C00B346BB /* SceneDelegate.swift in Sources */ = {isa = PBXBuildFile; fileRef = D90F04952B0CD92C00B346BB /* SceneDelegate.swift */; };
		D90F04982B0CD92C00B346BB /* ViewController.swift in Sources */ = {isa = PBXBuildFile; fileRef = D90F04972B0CD92C00B346BB /* ViewController.swift */; };
		D90F049B2B0CD92C00B346BB /* Main.storyboard in Resources */ = {isa = PBXBuildFile; fileRef = D90F04992B0CD92C00B346BB /* Main.storyboard */; };
		D90F049D2B0CD92E00B346BB /* Assets.xcassets in Resources */ = {isa = PBXBuildFile; fileRef = D90F049C2B0CD92E00B346BB /* Assets.xcassets */; };
		D90F04A02B0CD92E00B346BB /* LaunchScreen.storyboard in Resources */ = {isa = PBXBuildFile; fileRef = D90F049E2B0CD92E00B346BB /* LaunchScreen.storyboard */; };
		D90F04AA2B0CE7C900B346BB /* Dish.swift in Sources */ = {isa = PBXBuildFile; fileRef = D90F04A92B0CE7C900B346BB /* Dish.swift */; };
		D90F04AF2B0CE80800B346BB /* Presenter.swift in Sources */ = {isa = PBXBuildFile; fileRef = D90F04AE2B0CE80800B346BB /* Presenter.swift */; };
		D90F04B12B0CED8800B346BB /* Restaurant.swift in Sources */ = {isa = PBXBuildFile; fileRef = D90F04B02B0CED8800B346BB /* Restaurant.swift */; };
		D90F04B32B0D1CFE00B346BB /* DetailView.storyboard in Resources */ = {isa = PBXBuildFile; fileRef = D90F04B22B0D1CFE00B346BB /* DetailView.storyboard */; };
/* End PBXBuildFile section */

/* Begin PBXFileReference section */
		D90F04902B0CD92C00B346BB /* UIKit-ChezToto-Pizzeria.app */ = {isa = PBXFileReference; explicitFileType = wrapper.application; includeInIndex = 0; path = "UIKit-ChezToto-Pizzeria.app"; sourceTree = BUILT_PRODUCTS_DIR; };
		D90F04932B0CD92C00B346BB /* AppDelegate.swift */ = {isa = PBXFileReference; lastKnownFileType = sourcecode.swift; path = AppDelegate.swift; sourceTree = "<group>"; };
		D90F04952B0CD92C00B346BB /* SceneDelegate.swift */ = {isa = PBXFileReference; lastKnownFileType = sourcecode.swift; path = SceneDelegate.swift; sourceTree = "<group>"; };
		D90F04972B0CD92C00B346BB /* ViewController.swift */ = {isa = PBXFileReference; lastKnownFileType = sourcecode.swift; path = ViewController.swift; sourceTree = "<group>"; };
		D90F049A2B0CD92C00B346BB /* Base */ = {isa = PBXFileReference; lastKnownFileType = file.storyboard; name = Base; path = Base.lproj/Main.storyboard; sourceTree = "<group>"; };
		D90F049C2B0CD92E00B346BB /* Assets.xcassets */ = {isa = PBXFileReference; lastKnownFileType = folder.assetcatalog; path = Assets.xcassets; sourceTree = "<group>"; };
		D90F049F2B0CD92E00B346BB /* Base */ = {isa = PBXFileReference; lastKnownFileType = file.storyboard; name = Base; path = Base.lproj/LaunchScreen.storyboard; sourceTree = "<group>"; };
		D90F04A12B0CD92E00B346BB /* Info.plist */ = {isa = PBXFileReference; lastKnownFileType = text.plist.xml; path = Info.plist; sourceTree = "<group>"; };
		D90F04A92B0CE7C900B346BB /* Dish.swift */ = {isa = PBXFileReference; lastKnownFileType = sourcecode.swift; path = Dish.swift; sourceTree = "<group>"; };
		D90F04AE2B0CE80800B346BB /* Presenter.swift */ = {isa = PBXFileReference; lastKnownFileType = sourcecode.swift; path = Presenter.swift; sourceTree = "<group>"; };
		D90F04B02B0CED8800B346BB /* Restaurant.swift */ = {isa = PBXFileReference; lastKnownFileType = sourcecode.swift; path = Restaurant.swift; sourceTree = "<group>"; };
		D90F04B22B0D1CFE00B346BB /* DetailView.storyboard */ = {isa = PBXFileReference; lastKnownFileType = file.storyboard; path = DetailView.storyboard; sourceTree = "<group>"; };
/* End PBXFileReference section */

/* Begin PBXFrameworksBuildPhase section */
		D90F048D2B0CD92C00B346BB /* Frameworks */ = {
			isa = PBXFrameworksBuildPhase;
			buildActionMask = 2147483647;
			files = (
			);
			runOnlyForDeploymentPostprocessing = 0;
		};
/* End PBXFrameworksBuildPhase section */

/* Begin PBXGroup section */
		D90F04872B0CD92C00B346BB = {
			isa = PBXGroup;
			children = (
				D90F04922B0CD92C00B346BB /* UIKit-ChezToto-Pizzeria */,
				D90F04912B0CD92C00B346BB /* Products */,
			);
			sourceTree = "<group>";
		};
		D90F04912B0CD92C00B346BB /* Products */ = {
			isa = PBXGroup;
			children = (
				D90F04902B0CD92C00B346BB /* UIKit-ChezToto-Pizzeria.app */,
			);
			name = Products;
			sourceTree = "<group>";
		};
		D90F04922B0CD92C00B346BB /* UIKit-ChezToto-Pizzeria */ = {
			isa = PBXGroup;
			children = (
				D90F04932B0CD92C00B346BB /* AppDelegate.swift */,
				D90F04AB2B0CE7CA00B346BB /* Model */,
				D90F04AC2B0CE7CD00B346BB /* View */,
				D90F04AD2B0CE7D400B346BB /* Presenter */,
				D90F04B42B0D473800B346BB /* Supporting */,
				D90F049C2B0CD92E00B346BB /* Assets.xcassets */,
				D90F04A12B0CD92E00B346BB /* Info.plist */,
			);
			path = "UIKit-ChezToto-Pizzeria";
			sourceTree = "<group>";
		};
		D90F04AB2B0CE7CA00B346BB /* Model */ = {
			isa = PBXGroup;
			children = (
				D90F04B02B0CED8800B346BB /* Restaurant.swift */,
				D90F04A92B0CE7C900B346BB /* Dish.swift */,
			);
			path = Model;
			sourceTree = "<group>";
		};
		D90F04AC2B0CE7CD00B346BB /* View */ = {
			isa = PBXGroup;
			children = (
				D90F049E2B0CD92E00B346BB /* LaunchScreen.storyboard */,
				D90F04992B0CD92C00B346BB /* Main.storyboard */,
				D90F04B22B0D1CFE00B346BB /* DetailView.storyboard */,
			);
			path = View;
			sourceTree = "<group>";
		};
		D90F04AD2B0CE7D400B346BB /* Presenter */ = {
			isa = PBXGroup;
			children = (
				D90F04AE2B0CE80800B346BB /* Presenter.swift */,
			);
			path = Presenter;
			sourceTree = "<group>";
		};
		D90F04B42B0D473800B346BB /* Supporting */ = {
			isa = PBXGroup;
			children = (
				D90F04952B0CD92C00B346BB /* SceneDelegate.swift */,
				D90F04972B0CD92C00B346BB /* ViewController.swift */,
			);
			path = Supporting;
			sourceTree = "<group>";
		};
/* End PBXGroup section */

/* Begin PBXNativeTarget section */
		D90F048F2B0CD92C00B346BB /* UIKit-ChezToto-Pizzeria */ = {
			isa = PBXNativeTarget;
			buildConfigurationList = D90F04A42B0CD92E00B346BB /* Build configuration list for PBXNativeTarget "UIKit-ChezToto-Pizzeria" */;
			buildPhases = (
				D90F048C2B0CD92C00B346BB /* Sources */,
				D90F048D2B0CD92C00B346BB /* Frameworks */,
				D90F048E2B0CD92C00B346BB /* Resources */,
			);
			buildRules = (
			);
			dependencies = (
			);
			name = "UIKit-ChezToto-Pizzeria";
			productName = "UIKit-ChezToto-Pizzeria";
			productReference = D90F04902B0CD92C00B346BB /* UIKit-ChezToto-Pizzeria.app */;
			productType = "com.apple.product-type.application";
		};
/* End PBXNativeTarget section */

/* Begin PBXProject section */
		D90F04882B0CD92C00B346BB /* Project object */ = {
			isa = PBXProject;
			attributes = {
				BuildIndependentTargetsInParallel = 1;
				LastSwiftUpdateCheck = 1500;
				LastUpgradeCheck = 1500;
				TargetAttributes = {
					D90F048F2B0CD92C00B346BB = {
						CreatedOnToolsVersion = 15.0.1;
					};
				};
			};
			buildConfigurationList = D90F048B2B0CD92C00B346BB /* Build configuration list for PBXProject "UIKit-ChezToto-Pizzeria" */;
			compatibilityVersion = "Xcode 14.0";
			developmentRegion = en;
			hasScannedForEncodings = 0;
			knownRegions = (
				en,
				Base,
			);
			mainGroup = D90F04872B0CD92C00B346BB;
			productRefGroup = D90F04912B0CD92C00B346BB /* Products */;
			projectDirPath = "";
			projectRoot = "";
			targets = (
				D90F048F2B0CD92C00B346BB /* UIKit-ChezToto-Pizzeria */,
			);
		};
/* End PBXProject section */

/* Begin PBXResourcesBuildPhase section */
		D90F048E2B0CD92C00B346BB /* Resources */ = {
			isa = PBXResourcesBuildPhase;
			buildActionMask = 2147483647;
			files = (
				D90F04A02B0CD92E00B346BB /* LaunchScreen.storyboard in Resources */,
				D90F049D2B0CD92E00B346BB /* Assets.xcassets in Resources */,
				D90F04B32B0D1CFE00B346BB /* DetailView.storyboard in Resources */,
				D90F049B2B0CD92C00B346BB /* Main.storyboard in Resources */,
			);
			runOnlyForDeploymentPostprocessing = 0;
		};
/* End PBXResourcesBuildPhase section */

/* Begin PBXSourcesBuildPhase section */
		D90F048C2B0CD92C00B346BB /* Sources */ = {
			isa = PBXSourcesBuildPhase;
			buildActionMask = 2147483647;
			files = (
				D90F04982B0CD92C00B346BB /* ViewController.swift in Sources */,
				D90F04942B0CD92C00B346BB /* AppDelegate.swift in Sources */,
				D90F04B12B0CED8800B346BB /* Restaurant.swift in Sources */,
				D90F04962B0CD92C00B346BB /* SceneDelegate.swift in Sources */,
				D90F04AA2B0CE7C900B346BB /* Dish.swift in Sources */,
				D90F04AF2B0CE80800B346BB /* Presenter.swift in Sources */,
			);
			runOnlyForDeploymentPostprocessing = 0;
		};
/* End PBXSourcesBuildPhase section */

/* Begin PBXVariantGroup section */
		D90F04992B0CD92C00B346BB /* Main.storyboard */ = {
			isa = PBXVariantGroup;
			children = (
				D90F049A2B0CD92C00B346BB /* Base */,
			);
			name = Main.storyboard;
			sourceTree = "<group>";
		};
		D90F049E2B0CD92E00B346BB /* LaunchScreen.storyboard */ = {
			isa = PBXVariantGroup;
			children = (
				D90F049F2B0CD92E00B346BB /* Base */,
			);
			name = LaunchScreen.storyboard;
			sourceTree = "<group>";
		};
/* End PBXVariantGroup section */

/* Begin XCBuildConfiguration section */
		D90F04A22B0CD92E00B346BB /* Debug */ = {
			isa = XCBuildConfiguration;
			buildSettings = {
				ALWAYS_SEARCH_USER_PATHS = NO;
				ASSETCATALOG_COMPILER_GENERATE_SWIFT_ASSET_SYMBOL_EXTENSIONS = YES;
				CLANG_ANALYZER_NONNULL = YES;
				CLANG_ANALYZER_NUMBER_OBJECT_CONVERSION = YES_AGGRESSIVE;
				CLANG_CXX_LANGUAGE_STANDARD = "gnu++20";
				CLANG_ENABLE_MODULES = YES;
				CLANG_ENABLE_OBJC_ARC = YES;
				CLANG_ENABLE_OBJC_WEAK = YES;
				CLANG_WARN_BLOCK_CAPTURE_AUTORELEASING = YES;
				CLANG_WARN_BOOL_CONVERSION = YES;
				CLANG_WARN_COMMA = YES;
				CLANG_WARN_CONSTANT_CONVERSION = YES;
				CLANG_WARN_DEPRECATED_OBJC_IMPLEMENTATIONS = YES;
				CLANG_WARN_DIRECT_OBJC_ISA_USAGE = YES_ERROR;
				CLANG_WARN_DOCUMENTATION_COMMENTS = YES;
				CLANG_WARN_EMPTY_BODY = YES;
				CLANG_WARN_ENUM_CONVERSION = YES;
				CLANG_WARN_INFINITE_RECURSION = YES;
				CLANG_WARN_INT_CONVERSION = YES;
				CLANG_WARN_NON_LITERAL_NULL_CONVERSION = YES;
				CLANG_WARN_OBJC_IMPLICIT_RETAIN_SELF = YES;
				CLANG_WARN_OBJC_LITERAL_CONVERSION = YES;
				CLANG_WARN_OBJC_ROOT_CLASS = YES_ERROR;
				CLANG_WARN_QUOTED_INCLUDE_IN_FRAMEWORK_HEADER = YES;
				CLANG_WARN_RANGE_LOOP_ANALYSIS = YES;
				CLANG_WARN_STRICT_PROTOTYPES = YES;
				CLANG_WARN_SUSPICIOUS_MOVE = YES;
				CLANG_WARN_UNGUARDED_AVAILABILITY = YES_AGGRESSIVE;
				CLANG_WARN_UNREACHABLE_CODE = YES;
				CLANG_WARN__DUPLICATE_METHOD_MATCH = YES;
				COPY_PHASE_STRIP = NO;
				DEBUG_INFORMATION_FORMAT = dwarf;
				ENABLE_STRICT_OBJC_MSGSEND = YES;
				ENABLE_TESTABILITY = YES;
				ENABLE_USER_SCRIPT_SANDBOXING = YES;
				GCC_C_LANGUAGE_STANDARD = gnu17;
				GCC_DYNAMIC_NO_PIC = NO;
				GCC_NO_COMMON_BLOCKS = YES;
				GCC_OPTIMIZATION_LEVEL = 0;
				GCC_PREPROCESSOR_DEFINITIONS = (
					"DEBUG=1",
					"$(inherited)",
				);
				GCC_WARN_64_TO_32_BIT_CONVERSION = YES;
				GCC_WARN_ABOUT_RETURN_TYPE = YES_ERROR;
				GCC_WARN_UNDECLARED_SELECTOR = YES;
				GCC_WARN_UNINITIALIZED_AUTOS = YES_AGGRESSIVE;
				GCC_WARN_UNUSED_FUNCTION = YES;
				GCC_WARN_UNUSED_VARIABLE = YES;
				IPHONEOS_DEPLOYMENT_TARGET = 17.0;
				LOCALIZATION_PREFERS_STRING_CATALOGS = YES;
				MTL_ENABLE_DEBUG_INFO = INCLUDE_SOURCE;
				MTL_FAST_MATH = YES;
				ONLY_ACTIVE_ARCH = YES;
				SDKROOT = iphoneos;
				SWIFT_ACTIVE_COMPILATION_CONDITIONS = "DEBUG $(inherited)";
				SWIFT_OPTIMIZATION_LEVEL = "-Onone";
			};
			name = Debug;
		};
		D90F04A32B0CD92E00B346BB /* Release */ = {
			isa = XCBuildConfiguration;
			buildSettings = {
				ALWAYS_SEARCH_USER_PATHS = NO;
				ASSETCATALOG_COMPILER_GENERATE_SWIFT_ASSET_SYMBOL_EXTENSIONS = YES;
				CLANG_ANALYZER_NONNULL = YES;
				CLANG_ANALYZER_NUMBER_OBJECT_CONVERSION = YES_AGGRESSIVE;
				CLANG_CXX_LANGUAGE_STANDARD = "gnu++20";
				CLANG_ENABLE_MODULES = YES;
				CLANG_ENABLE_OBJC_ARC = YES;
				CLANG_ENABLE_OBJC_WEAK = YES;
				CLANG_WARN_BLOCK_CAPTURE_AUTORELEASING = YES;
				CLANG_WARN_BOOL_CONVERSION = YES;
				CLANG_WARN_COMMA = YES;
				CLANG_WARN_CONSTANT_CONVERSION = YES;
				CLANG_WARN_DEPRECATED_OBJC_IMPLEMENTATIONS = YES;
				CLANG_WARN_DIRECT_OBJC_ISA_USAGE = YES_ERROR;
				CLANG_WARN_DOCUMENTATION_COMMENTS = YES;
				CLANG_WARN_EMPTY_BODY = YES;
				CLANG_WARN_ENUM_CONVERSION = YES;
				CLANG_WARN_INFINITE_RECURSION = YES;
				CLANG_WARN_INT_CONVERSION = YES;
				CLANG_WARN_NON_LITERAL_NULL_CONVERSION = YES;
				CLANG_WARN_OBJC_IMPLICIT_RETAIN_SELF = YES;
				CLANG_WARN_OBJC_LITERAL_CONVERSION = YES;
				CLANG_WARN_OBJC_ROOT_CLASS = YES_ERROR;
				CLANG_WARN_QUOTED_INCLUDE_IN_FRAMEWORK_HEADER = YES;
				CLANG_WARN_RANGE_LOOP_ANALYSIS = YES;
				CLANG_WARN_STRICT_PROTOTYPES = YES;
				CLANG_WARN_SUSPICIOUS_MOVE = YES;
				CLANG_WARN_UNGUARDED_AVAILABILITY = YES_AGGRESSIVE;
				CLANG_WARN_UNREACHABLE_CODE = YES;
				CLANG_WARN__DUPLICATE_METHOD_MATCH = YES;
				COPY_PHASE_STRIP = NO;
				DEBUG_INFORMATION_FORMAT = "dwarf-with-dsym";
				ENABLE_NS_ASSERTIONS = NO;
				ENABLE_STRICT_OBJC_MSGSEND = YES;
				ENABLE_USER_SCRIPT_SANDBOXING = YES;
				GCC_C_LANGUAGE_STANDARD = gnu17;
				GCC_NO_COMMON_BLOCKS = YES;
				GCC_WARN_64_TO_32_BIT_CONVERSION = YES;
				GCC_WARN_ABOUT_RETURN_TYPE = YES_ERROR;
				GCC_WARN_UNDECLARED_SELECTOR = YES;
				GCC_WARN_UNINITIALIZED_AUTOS = YES_AGGRESSIVE;
				GCC_WARN_UNUSED_FUNCTION = YES;
				GCC_WARN_UNUSED_VARIABLE = YES;
				IPHONEOS_DEPLOYMENT_TARGET = 17.0;
				LOCALIZATION_PREFERS_STRING_CATALOGS = YES;
				MTL_ENABLE_DEBUG_INFO = NO;
				MTL_FAST_MATH = YES;
				SDKROOT = iphoneos;
				SWIFT_COMPILATION_MODE = wholemodule;
				VALIDATE_PRODUCT = YES;
			};
			name = Release;
		};
		D90F04A52B0CD92E00B346BB /* Debug */ = {
			isa = XCBuildConfiguration;
			buildSettings = {
				ASSETCATALOG_COMPILER_APPICON_NAME = AppIcon;
				ASSETCATALOG_COMPILER_GLOBAL_ACCENT_COLOR_NAME = AccentColor;
				CODE_SIGN_STYLE = Automatic;
				CURRENT_PROJECT_VERSION = 1;
				DEVELOPMENT_TEAM = MG8DTPV84D;
				GENERATE_INFOPLIST_FILE = YES;
				INFOPLIST_FILE = "UIKit-ChezToto-Pizzeria/Info.plist";
				INFOPLIST_KEY_UIApplicationSupportsIndirectInputEvents = YES;
				INFOPLIST_KEY_UILaunchStoryboardName = LaunchScreen;
				INFOPLIST_KEY_UIMainStoryboardFile = Main;
				INFOPLIST_KEY_UISupportedInterfaceOrientations_iPad = "UIInterfaceOrientationPortrait UIInterfaceOrientationPortraitUpsideDown UIInterfaceOrientationLandscapeLeft UIInterfaceOrientationLandscapeRight";
				INFOPLIST_KEY_UISupportedInterfaceOrientations_iPhone = "UIInterfaceOrientationPortrait UIInterfaceOrientationLandscapeLeft UIInterfaceOrientationLandscapeRight";
				LD_RUNPATH_SEARCH_PATHS = (
					"$(inherited)",
					"@executable_path/Frameworks",
				);
				MARKETING_VERSION = 1.0;
				PRODUCT_BUNDLE_IDENTIFIER = "ThibaultGodefroy.UIKit-ChezToto-Pizzeria";
				PRODUCT_NAME = "$(TARGET_NAME)";
				SWIFT_EMIT_LOC_STRINGS = YES;
				SWIFT_VERSION = 5.0;
				TARGETED_DEVICE_FAMILY = "1,2";
			};
			name = Debug;
		};
		D90F04A62B0CD92E00B346BB /* Release */ = {
			isa = XCBuildConfiguration;
			buildSettings = {
				ASSETCATALOG_COMPILER_APPICON_NAME = AppIcon;
				ASSETCATALOG_COMPILER_GLOBAL_ACCENT_COLOR_NAME = AccentColor;
				CODE_SIGN_STYLE = Automatic;
				CURRENT_PROJECT_VERSION = 1;
				DEVELOPMENT_TEAM = MG8DTPV84D;
				GENERATE_INFOPLIST_FILE = YES;
				INFOPLIST_FILE = "UIKit-ChezToto-Pizzeria/Info.plist";
				INFOPLIST_KEY_UIApplicationSupportsIndirectInputEvents = YES;
				INFOPLIST_KEY_UILaunchStoryboardName = LaunchScreen;
				INFOPLIST_KEY_UIMainStoryboardFile = Main;
				INFOPLIST_KEY_UISupportedInterfaceOrientations_iPad = "UIInterfaceOrientationPortrait UIInterfaceOrientationPortraitUpsideDown UIInterfaceOrientationLandscapeLeft UIInterfaceOrientationLandscapeRight";
				INFOPLIST_KEY_UISupportedInterfaceOrientations_iPhone = "UIInterfaceOrientationPortrait UIInterfaceOrientationLandscapeLeft UIInterfaceOrientationLandscapeRight";
				LD_RUNPATH_SEARCH_PATHS = (
					"$(inherited)",
					"@executable_path/Frameworks",
				);
				MARKETING_VERSION = 1.0;
				PRODUCT_BUNDLE_IDENTIFIER = "ThibaultGodefroy.UIKit-ChezToto-Pizzeria";
				PRODUCT_NAME = "$(TARGET_NAME)";
				SWIFT_EMIT_LOC_STRINGS = YES;
				SWIFT_VERSION = 5.0;
				TARGETED_DEVICE_FAMILY = "1,2";
			};
			name = Release;
		};
/* End XCBuildConfiguration section */

/* Begin XCConfigurationList section */
		D90F048B2B0CD92C00B346BB /* Build configuration list for PBXProject "UIKit-ChezToto-Pizzeria" */ = {
			isa = XCConfigurationList;
			buildConfigurations = (
				D90F04A22B0CD92E00B346BB /* Debug */,
				D90F04A32B0CD92E00B346BB /* Release */,
			);
			defaultConfigurationIsVisible = 0;
			defaultConfigurationName = Release;
		};
		D90F04A42B0CD92E00B346BB /* Build configuration list for PBXNativeTarget "UIKit-ChezToto-Pizzeria" */ = {
			isa = XCConfigurationList;
			buildConfigurations = (
				D90F04A52B0CD92E00B346BB /* Debug */,
				D90F04A62B0CD92E00B346BB /* Release */,
			);
			defaultConfigurationIsVisible = 0;
			defaultConfigurationName = Release;
		};
/* End XCConfigurationList section */
	};
	rootObject = D90F04882B0CD92C00B346BB /* Project object */;
}
